
Microsoft Visual Studio Solution File, Format Version 12.00
# Visual Studio 2013
VisualStudioVersion = 12.0.40629.0
MinimumVisualStudioVersion = 10.0.40219.1
Project("{FAE04EC0-301F-11D3-BF4B-00C04F79EFBC}") = "P8Coder", "P8Coder.csproj", "{C0AFD832-3002-4BE0-A8B6-E76CAB208A16}"
EndProject
Global
	GlobalSection(SolutionConfigurationPlatforms) = preSolution
		Debug|Any CPU = Debug|Any CPU
		Release|Any CPU = Release|Any CPU
	EndGlobalSection
	GlobalSection(ProjectConfigurationPlatforms) = postSolution
		{C0AFD832-3002-4BE0-A8B6-E76CAB208A16}.Debug|Any CPU.ActiveCfg = Debug|Any CPU
		{C0AFD832-3002-4BE0-A8B6-E76CAB208A16}.Debug|Any CPU.Build.0 = Debug|Any CPU
		{C0AFD832-3002-4BE0-A8B6-E76CAB208A16}.Release|Any CPU.ActiveCfg = Release|Any CPU
		{C0AFD832-3002-4BE0-A8B6-E76CAB208A16}.Release|Any CPU.Build.0 = Release|Any CPU
	EndGlobalSection
	GlobalSection(SolutionProperties) = preSolution
		HideSolutionNode = FALSE
	EndGlobalSection
EndGlobal
